// !$*UTF8*$!
{
	archiveVersion = 1;
	classes = {
	};
	objectVersion = 55;
	objects = {

/* Begin PBXBuildFile section */
		CFCE573D27239092000FD0D0 /* AppDelegate.swift in Sources */ = {isa = PBXBuildFile; fileRef = CFCE573C27239092000FD0D0 /* AppDelegate.swift */; };
		CFCE574427239092000FD0D0 /* Home.storyboard in Resources */ = {isa = PBXBuildFile; fileRef = CFCE574227239092000FD0D0 /* Home.storyboard */; };
		CFCE574627239094000FD0D0 /* Assets.xcassets in Resources */ = {isa = PBXBuildFile; fileRef = CFCE574527239094000FD0D0 /* Assets.xcassets */; };
		CFCE574927239094000FD0D0 /* LaunchScreen.storyboard in Resources */ = {isa = PBXBuildFile; fileRef = CFCE574727239094000FD0D0 /* LaunchScreen.storyboard */; };
		CFCE575427239095000FD0D0 /* ProductsAppTests.swift in Sources */ = {isa = PBXBuildFile; fileRef = CFCE575327239095000FD0D0 /* ProductsAppTests.swift */; };
		CFCE575E27239095000FD0D0 /* ProductsAppUITests.swift in Sources */ = {isa = PBXBuildFile; fileRef = CFCE575D27239095000FD0D0 /* ProductsAppUITests.swift */; };
		CFCE576027239095000FD0D0 /* ProductsAppUITestsLaunchTests.swift in Sources */ = {isa = PBXBuildFile; fileRef = CFCE575F27239095000FD0D0 /* ProductsAppUITestsLaunchTests.swift */; };
		CFCE5773272390FB000FD0D0 /* HomePresenter.swift in Sources */ = {isa = PBXBuildFile; fileRef = CFCE576C272390FB000FD0D0 /* HomePresenter.swift */; };
		CFCE5775272390FB000FD0D0 /* HomeProtocols.swift in Sources */ = {isa = PBXBuildFile; fileRef = CFCE576E272390FB000FD0D0 /* HomeProtocols.swift */; };
		CFCE5776272390FB000FD0D0 /* HomeInteractor.swift in Sources */ = {isa = PBXBuildFile; fileRef = CFCE576F272390FB000FD0D0 /* HomeInteractor.swift */; };
		CFCE5777272390FB000FD0D0 /* HomeView.swift in Sources */ = {isa = PBXBuildFile; fileRef = CFCE5770272390FB000FD0D0 /* HomeView.swift */; };
		CFCE5778272390FB000FD0D0 /* HomeRemoteDataManager.swift in Sources */ = {isa = PBXBuildFile; fileRef = CFCE5771272390FB000FD0D0 /* HomeRemoteDataManager.swift */; };
		CFCE5779272390FB000FD0D0 /* HomeWireFrame.swift in Sources */ = {isa = PBXBuildFile; fileRef = CFCE5772272390FB000FD0D0 /* HomeWireFrame.swift */; };
		CFCE577D27239327000FD0D0 /* NetworkDataManager.swift in Sources */ = {isa = PBXBuildFile; fileRef = CFCE577C27239327000FD0D0 /* NetworkDataManager.swift */; };
		CFCE578127239361000FD0D0 /* NetworkErrors.swift in Sources */ = {isa = PBXBuildFile; fileRef = CFCE578027239361000FD0D0 /* NetworkErrors.swift */; };
		CFCE5784272396C4000FD0D0 /* ProductTableViewCell.swift in Sources */ = {isa = PBXBuildFile; fileRef = CFCE5783272396C4000FD0D0 /* ProductTableViewCell.swift */; };
		CFCE578727239818000FD0D0 /* ProductsResponse.swift in Sources */ = {isa = PBXBuildFile; fileRef = CFCE578627239818000FD0D0 /* ProductsResponse.swift */; };
		CFCE578A27239869000FD0D0 /* PLPResultsResponse.swift in Sources */ = {isa = PBXBuildFile; fileRef = CFCE578927239869000FD0D0 /* PLPResultsResponse.swift */; };
		CFCE578C2723989F000FD0D0 /* RecordResponse.swift in Sources */ = {isa = PBXBuildFile; fileRef = CFCE578B2723989F000FD0D0 /* RecordResponse.swift */; };
		CFCE578F27239951000FD0D0 /* SDWebImage in Frameworks */ = {isa = PBXBuildFile; productRef = CFCE578E27239951000FD0D0 /* SDWebImage */; };
		CFCE579227239A0F000FD0D0 /* Config.swift in Sources */ = {isa = PBXBuildFile; fileRef = CFCE579127239A0F000FD0D0 /* Config.swift */; };
		CFCE57952723A617000FD0D0 /* Product.swift in Sources */ = {isa = PBXBuildFile; fileRef = CFCE57942723A617000FD0D0 /* Product.swift */; };
		CFCE57972723A81F000FD0D0 /* VariantColorResponse.swift in Sources */ = {isa = PBXBuildFile; fileRef = CFCE57962723A81F000FD0D0 /* VariantColorResponse.swift */; };
		CFCE579A2723B926000FD0D0 /* UIColor+Extension.swift in Sources */ = {isa = PBXBuildFile; fileRef = CFCE57992723B926000FD0D0 /* UIColor+Extension.swift */; };
		CFCE579C2723C02C000FD0D0 /* String+Extension.swift in Sources */ = {isa = PBXBuildFile; fileRef = CFCE579B2723C02C000FD0D0 /* String+Extension.swift */; };
		CFCE579E2723C20A000FD0D0 /* ColorViewRing.swift in Sources */ = {isa = PBXBuildFile; fileRef = CFCE579D2723C20A000FD0D0 /* ColorViewRing.swift */; };
/* End PBXBuildFile section */

/* Begin PBXContainerItemProxy section */
		CFCE575027239095000FD0D0 /* PBXContainerItemProxy */ = {
			isa = PBXContainerItemProxy;
			containerPortal = CFCE573127239092000FD0D0 /* Project object */;
			proxyType = 1;
			remoteGlobalIDString = CFCE573827239092000FD0D0;
			remoteInfo = ProductsApp;
		};
		CFCE575A27239095000FD0D0 /* PBXContainerItemProxy */ = {
			isa = PBXContainerItemProxy;
			containerPortal = CFCE573127239092000FD0D0 /* Project object */;
			proxyType = 1;
			remoteGlobalIDString = CFCE573827239092000FD0D0;
			remoteInfo = ProductsApp;
		};
/* End PBXContainerItemProxy section */

/* Begin PBXFileReference section */
		CFCE573927239092000FD0D0 /* ProductsApp.app */ = {isa = PBXFileReference; explicitFileType = wrapper.application; includeInIndex = 0; path = ProductsApp.app; sourceTree = BUILT_PRODUCTS_DIR; };
		CFCE573C27239092000FD0D0 /* AppDelegate.swift */ = {isa = PBXFileReference; lastKnownFileType = sourcecode.swift; path = AppDelegate.swift; sourceTree = "<group>"; };
		CFCE574327239092000FD0D0 /* Base */ = {isa = PBXFileReference; lastKnownFileType = file.storyboard; name = Base; path = Base.lproj/Home.storyboard; sourceTree = "<group>"; };
		CFCE574527239094000FD0D0 /* Assets.xcassets */ = {isa = PBXFileReference; lastKnownFileType = folder.assetcatalog; path = Assets.xcassets; sourceTree = "<group>"; };
		CFCE574827239094000FD0D0 /* Base */ = {isa = PBXFileReference; lastKnownFileType = file.storyboard; name = Base; path = Base.lproj/LaunchScreen.storyboard; sourceTree = "<group>"; };
		CFCE574A27239094000FD0D0 /* Info.plist */ = {isa = PBXFileReference; lastKnownFileType = text.plist.xml; path = Info.plist; sourceTree = "<group>"; };
		CFCE574F27239095000FD0D0 /* ProductsAppTests.xctest */ = {isa = PBXFileReference; explicitFileType = wrapper.cfbundle; includeInIndex = 0; path = ProductsAppTests.xctest; sourceTree = BUILT_PRODUCTS_DIR; };
		CFCE575327239095000FD0D0 /* ProductsAppTests.swift */ = {isa = PBXFileReference; lastKnownFileType = sourcecode.swift; path = ProductsAppTests.swift; sourceTree = "<group>"; };
		CFCE575927239095000FD0D0 /* ProductsAppUITests.xctest */ = {isa = PBXFileReference; explicitFileType = wrapper.cfbundle; includeInIndex = 0; path = ProductsAppUITests.xctest; sourceTree = BUILT_PRODUCTS_DIR; };
		CFCE575D27239095000FD0D0 /* ProductsAppUITests.swift */ = {isa = PBXFileReference; lastKnownFileType = sourcecode.swift; path = ProductsAppUITests.swift; sourceTree = "<group>"; };
		CFCE575F27239095000FD0D0 /* ProductsAppUITestsLaunchTests.swift */ = {isa = PBXFileReference; lastKnownFileType = sourcecode.swift; path = ProductsAppUITestsLaunchTests.swift; sourceTree = "<group>"; };
		CFCE576C272390FB000FD0D0 /* HomePresenter.swift */ = {isa = PBXFileReference; lastKnownFileType = sourcecode.swift; path = HomePresenter.swift; sourceTree = "<group>"; };
		CFCE576E272390FB000FD0D0 /* HomeProtocols.swift */ = {isa = PBXFileReference; lastKnownFileType = sourcecode.swift; path = HomeProtocols.swift; sourceTree = "<group>"; };
		CFCE576F272390FB000FD0D0 /* HomeInteractor.swift */ = {isa = PBXFileReference; lastKnownFileType = sourcecode.swift; path = HomeInteractor.swift; sourceTree = "<group>"; };
		CFCE5770272390FB000FD0D0 /* HomeView.swift */ = {isa = PBXFileReference; lastKnownFileType = sourcecode.swift; path = HomeView.swift; sourceTree = "<group>"; };
		CFCE5771272390FB000FD0D0 /* HomeRemoteDataManager.swift */ = {isa = PBXFileReference; lastKnownFileType = sourcecode.swift; path = HomeRemoteDataManager.swift; sourceTree = "<group>"; };
		CFCE5772272390FB000FD0D0 /* HomeWireFrame.swift */ = {isa = PBXFileReference; lastKnownFileType = sourcecode.swift; path = HomeWireFrame.swift; sourceTree = "<group>"; };
		CFCE577C27239327000FD0D0 /* NetworkDataManager.swift */ = {isa = PBXFileReference; lastKnownFileType = sourcecode.swift; path = NetworkDataManager.swift; sourceTree = "<group>"; };
		CFCE578027239361000FD0D0 /* NetworkErrors.swift */ = {isa = PBXFileReference; lastKnownFileType = sourcecode.swift; path = NetworkErrors.swift; sourceTree = "<group>"; };
		CFCE5783272396C4000FD0D0 /* ProductTableViewCell.swift */ = {isa = PBXFileReference; lastKnownFileType = sourcecode.swift; path = ProductTableViewCell.swift; sourceTree = "<group>"; };
		CFCE578627239818000FD0D0 /* ProductsResponse.swift */ = {isa = PBXFileReference; lastKnownFileType = sourcecode.swift; path = ProductsResponse.swift; sourceTree = "<group>"; };
		CFCE578927239869000FD0D0 /* PLPResultsResponse.swift */ = {isa = PBXFileReference; lastKnownFileType = sourcecode.swift; path = PLPResultsResponse.swift; sourceTree = "<group>"; };
		CFCE578B2723989F000FD0D0 /* RecordResponse.swift */ = {isa = PBXFileReference; lastKnownFileType = sourcecode.swift; path = RecordResponse.swift; sourceTree = "<group>"; };
		CFCE579127239A0F000FD0D0 /* Config.swift */ = {isa = PBXFileReference; lastKnownFileType = sourcecode.swift; path = Config.swift; sourceTree = "<group>"; };
		CFCE57942723A617000FD0D0 /* Product.swift */ = {isa = PBXFileReference; lastKnownFileType = sourcecode.swift; path = Product.swift; sourceTree = "<group>"; };
		CFCE57962723A81F000FD0D0 /* VariantColorResponse.swift */ = {isa = PBXFileReference; lastKnownFileType = sourcecode.swift; path = VariantColorResponse.swift; sourceTree = "<group>"; };
		CFCE57992723B926000FD0D0 /* UIColor+Extension.swift */ = {isa = PBXFileReference; lastKnownFileType = sourcecode.swift; path = "UIColor+Extension.swift"; sourceTree = "<group>"; };
		CFCE579B2723C02C000FD0D0 /* String+Extension.swift */ = {isa = PBXFileReference; lastKnownFileType = sourcecode.swift; path = "String+Extension.swift"; sourceTree = "<group>"; };
		CFCE579D2723C20A000FD0D0 /* ColorViewRing.swift */ = {isa = PBXFileReference; lastKnownFileType = sourcecode.swift; path = ColorViewRing.swift; sourceTree = "<group>"; };
/* End PBXFileReference section */

/* Begin PBXFrameworksBuildPhase section */
		CFCE573627239092000FD0D0 /* Frameworks */ = {
			isa = PBXFrameworksBuildPhase;
			buildActionMask = 2147483647;
			files = (
				CFCE578F27239951000FD0D0 /* SDWebImage in Frameworks */,
			);
			runOnlyForDeploymentPostprocessing = 0;
		};
		CFCE574C27239095000FD0D0 /* Frameworks */ = {
			isa = PBXFrameworksBuildPhase;
			buildActionMask = 2147483647;
			files = (
			);
			runOnlyForDeploymentPostprocessing = 0;
		};
		CFCE575627239095000FD0D0 /* Frameworks */ = {
			isa = PBXFrameworksBuildPhase;
			buildActionMask = 2147483647;
			files = (
			);
			runOnlyForDeploymentPostprocessing = 0;
		};
/* End PBXFrameworksBuildPhase section */

/* Begin PBXGroup section */
		CFCE573027239092000FD0D0 = {
			isa = PBXGroup;
			children = (
				CFCE573B27239092000FD0D0 /* ProductsApp */,
				CFCE575227239095000FD0D0 /* ProductsAppTests */,
				CFCE575C27239095000FD0D0 /* ProductsAppUITests */,
				CFCE573A27239092000FD0D0 /* Products */,
			);
			sourceTree = "<group>";
		};
		CFCE573A27239092000FD0D0 /* Products */ = {
			isa = PBXGroup;
			children = (
				CFCE573927239092000FD0D0 /* ProductsApp.app */,
				CFCE574F27239095000FD0D0 /* ProductsAppTests.xctest */,
				CFCE575927239095000FD0D0 /* ProductsAppUITests.xctest */,
			);
			name = Products;
			sourceTree = "<group>";
		};
		CFCE573B27239092000FD0D0 /* ProductsApp */ = {
			isa = PBXGroup;
			children = (
				CFCE578527239803000FD0D0 /* Models */,
				CFCE577E2723933E000FD0D0 /* Utils */,
				CFCE577B27239312000FD0D0 /* Managers */,
				CFCE577A27239102000FD0D0 /* Home */,
				CFCE573C27239092000FD0D0 /* AppDelegate.swift */,
				CFCE574527239094000FD0D0 /* Assets.xcassets */,
				CFCE574727239094000FD0D0 /* LaunchScreen.storyboard */,
				CFCE574A27239094000FD0D0 /* Info.plist */,
			);
			path = ProductsApp;
			sourceTree = "<group>";
		};
		CFCE575227239095000FD0D0 /* ProductsAppTests */ = {
			isa = PBXGroup;
			children = (
				CFCE575327239095000FD0D0 /* ProductsAppTests.swift */,
			);
			path = ProductsAppTests;
			sourceTree = "<group>";
		};
		CFCE575C27239095000FD0D0 /* ProductsAppUITests */ = {
			isa = PBXGroup;
			children = (
				CFCE575D27239095000FD0D0 /* ProductsAppUITests.swift */,
				CFCE575F27239095000FD0D0 /* ProductsAppUITestsLaunchTests.swift */,
			);
			path = ProductsAppUITests;
			sourceTree = "<group>";
		};
		CFCE577A27239102000FD0D0 /* Home */ = {
			isa = PBXGroup;
			children = (
				CFCE576C272390FB000FD0D0 /* HomePresenter.swift */,
				CFCE576E272390FB000FD0D0 /* HomeProtocols.swift */,
				CFCE576F272390FB000FD0D0 /* HomeInteractor.swift */,
				CFCE5770272390FB000FD0D0 /* HomeView.swift */,
				CFCE5771272390FB000FD0D0 /* HomeRemoteDataManager.swift */,
				CFCE5772272390FB000FD0D0 /* HomeWireFrame.swift */,
				CFCE574227239092000FD0D0 /* Home.storyboard */,
			);
			path = Home;
			sourceTree = "<group>";
		};
		CFCE577B27239312000FD0D0 /* Managers */ = {
			isa = PBXGroup;
			children = (
				CFCE577C27239327000FD0D0 /* NetworkDataManager.swift */,
			);
			path = Managers;
			sourceTree = "<group>";
		};
		CFCE577E2723933E000FD0D0 /* Utils */ = {
			isa = PBXGroup;
			children = (
				CFCE57982723B904000FD0D0 /* Extensions */,
				CFCE5790272399FD000FD0D0 /* Config */,
				CFCE57822723967B000FD0D0 /* Widgets */,
				CFCE577F2723934D000FD0D0 /* Errors */,
			);
			path = Utils;
			sourceTree = "<group>";
		};
		CFCE577F2723934D000FD0D0 /* Errors */ = {
			isa = PBXGroup;
			children = (
				CFCE578027239361000FD0D0 /* NetworkErrors.swift */,
			);
			path = Errors;
			sourceTree = "<group>";
		};
		CFCE57822723967B000FD0D0 /* Widgets */ = {
			isa = PBXGroup;
			children = (
				CFCE579F2723D5AF000FD0D0 /* TableViewCells */,
				CFCE579D2723C20A000FD0D0 /* ColorViewRing.swift */,
			);
			path = Widgets;
			sourceTree = "<group>";
		};
		CFCE578527239803000FD0D0 /* Models */ = {
			isa = PBXGroup;
			children = (
				CFCE57932723A160000FD0D0 /* Entities */,
				CFCE57882723981C000FD0D0 /* ModelResponses */,
			);
			path = Models;
			sourceTree = "<group>";
		};
		CFCE57882723981C000FD0D0 /* ModelResponses */ = {
			isa = PBXGroup;
			children = (
				CFCE578627239818000FD0D0 /* ProductsResponse.swift */,
				CFCE578927239869000FD0D0 /* PLPResultsResponse.swift */,
				CFCE578B2723989F000FD0D0 /* RecordResponse.swift */,
				CFCE57962723A81F000FD0D0 /* VariantColorResponse.swift */,
			);
			path = ModelResponses;
			sourceTree = "<group>";
		};
		CFCE5790272399FD000FD0D0 /* Config */ = {
			isa = PBXGroup;
			children = (
				CFCE579127239A0F000FD0D0 /* Config.swift */,
			);
			path = Config;
			sourceTree = "<group>";
		};
		CFCE57932723A160000FD0D0 /* Entities */ = {
			isa = PBXGroup;
			children = (
				CFCE57942723A617000FD0D0 /* Product.swift */,
			);
			path = Entities;
			sourceTree = "<group>";
		};
		CFCE57982723B904000FD0D0 /* Extensions */ = {
			isa = PBXGroup;
			children = (
				CFCE57992723B926000FD0D0 /* UIColor+Extension.swift */,
				CFCE579B2723C02C000FD0D0 /* String+Extension.swift */,
			);
			path = Extensions;
			sourceTree = "<group>";
		};
		CFCE579F2723D5AF000FD0D0 /* TableViewCells */ = {
			isa = PBXGroup;
			children = (
				CFCE5783272396C4000FD0D0 /* ProductTableViewCell.swift */,
			);
			path = TableViewCells;
			sourceTree = "<group>";
		};
/* End PBXGroup section */

/* Begin PBXNativeTarget section */
		CFCE573827239092000FD0D0 /* ProductsApp */ = {
			isa = PBXNativeTarget;
			buildConfigurationList = CFCE576327239095000FD0D0 /* Build configuration list for PBXNativeTarget "ProductsApp" */;
			buildPhases = (
				CFCE573527239092000FD0D0 /* Sources */,
				CFCE573627239092000FD0D0 /* Frameworks */,
				CFCE573727239092000FD0D0 /* Resources */,
			);
			buildRules = (
			);
			dependencies = (
			);
			name = ProductsApp;
			packageProductDependencies = (
				CFCE578E27239951000FD0D0 /* SDWebImage */,
			);
			productName = ProductsApp;
			productReference = CFCE573927239092000FD0D0 /* ProductsApp.app */;
			productType = "com.apple.product-type.application";
		};
		CFCE574E27239095000FD0D0 /* ProductsAppTests */ = {
			isa = PBXNativeTarget;
			buildConfigurationList = CFCE576627239095000FD0D0 /* Build configuration list for PBXNativeTarget "ProductsAppTests" */;
			buildPhases = (
				CFCE574B27239095000FD0D0 /* Sources */,
				CFCE574C27239095000FD0D0 /* Frameworks */,
				CFCE574D27239095000FD0D0 /* Resources */,
			);
			buildRules = (
			);
			dependencies = (
				CFCE575127239095000FD0D0 /* PBXTargetDependency */,
			);
			name = ProductsAppTests;
			productName = ProductsAppTests;
			productReference = CFCE574F27239095000FD0D0 /* ProductsAppTests.xctest */;
			productType = "com.apple.product-type.bundle.unit-test";
		};
		CFCE575827239095000FD0D0 /* ProductsAppUITests */ = {
			isa = PBXNativeTarget;
			buildConfigurationList = CFCE576927239095000FD0D0 /* Build configuration list for PBXNativeTarget "ProductsAppUITests" */;
			buildPhases = (
				CFCE575527239095000FD0D0 /* Sources */,
				CFCE575627239095000FD0D0 /* Frameworks */,
				CFCE575727239095000FD0D0 /* Resources */,
			);
			buildRules = (
			);
			dependencies = (
				CFCE575B27239095000FD0D0 /* PBXTargetDependency */,
			);
			name = ProductsAppUITests;
			productName = ProductsAppUITests;
			productReference = CFCE575927239095000FD0D0 /* ProductsAppUITests.xctest */;
			productType = "com.apple.product-type.bundle.ui-testing";
		};
/* End PBXNativeTarget section */

/* Begin PBXProject section */
		CFCE573127239092000FD0D0 /* Project object */ = {
			isa = PBXProject;
			attributes = {
				BuildIndependentTargetsInParallel = 1;
				LastSwiftUpdateCheck = 1300;
				LastUpgradeCheck = 1300;
				TargetAttributes = {
					CFCE573827239092000FD0D0 = {
						CreatedOnToolsVersion = 13.0;
					};
					CFCE574E27239095000FD0D0 = {
						CreatedOnToolsVersion = 13.0;
						TestTargetID = CFCE573827239092000FD0D0;
					};
					CFCE575827239095000FD0D0 = {
						CreatedOnToolsVersion = 13.0;
						TestTargetID = CFCE573827239092000FD0D0;
					};
				};
			};
			buildConfigurationList = CFCE573427239092000FD0D0 /* Build configuration list for PBXProject "ProductsApp" */;
			compatibilityVersion = "Xcode 13.0";
			developmentRegion = en;
			hasScannedForEncodings = 0;
			knownRegions = (
				en,
				Base,
			);
			mainGroup = CFCE573027239092000FD0D0;
			packageReferences = (
				CFCE578D27239951000FD0D0 /* XCRemoteSwiftPackageReference "SDWebImage" */,
			);
			productRefGroup = CFCE573A27239092000FD0D0 /* Products */;
			projectDirPath = "";
			projectRoot = "";
			targets = (
				CFCE573827239092000FD0D0 /* ProductsApp */,
				CFCE574E27239095000FD0D0 /* ProductsAppTests */,
				CFCE575827239095000FD0D0 /* ProductsAppUITests */,
			);
		};
/* End PBXProject section */

/* Begin PBXResourcesBuildPhase section */
		CFCE573727239092000FD0D0 /* Resources */ = {
			isa = PBXResourcesBuildPhase;
			buildActionMask = 2147483647;
			files = (
				CFCE574927239094000FD0D0 /* LaunchScreen.storyboard in Resources */,
				CFCE574627239094000FD0D0 /* Assets.xcassets in Resources */,
				CFCE574427239092000FD0D0 /* Home.storyboard in Resources */,
			);
			runOnlyForDeploymentPostprocessing = 0;
		};
		CFCE574D27239095000FD0D0 /* Resources */ = {
			isa = PBXResourcesBuildPhase;
			buildActionMask = 2147483647;
			files = (
			);
			runOnlyForDeploymentPostprocessing = 0;
		};
		CFCE575727239095000FD0D0 /* Resources */ = {
			isa = PBXResourcesBuildPhase;
			buildActionMask = 2147483647;
			files = (
			);
			runOnlyForDeploymentPostprocessing = 0;
		};
/* End PBXResourcesBuildPhase section */

/* Begin PBXSourcesBuildPhase section */
		CFCE573527239092000FD0D0 /* Sources */ = {
			isa = PBXSourcesBuildPhase;
			buildActionMask = 2147483647;
			files = (
				CFCE573D27239092000FD0D0 /* AppDelegate.swift in Sources */,
				CFCE578C2723989F000FD0D0 /* RecordResponse.swift in Sources */,
				CFCE579227239A0F000FD0D0 /* Config.swift in Sources */,
				CFCE579C2723C02C000FD0D0 /* String+Extension.swift in Sources */,
				CFCE579A2723B926000FD0D0 /* UIColor+Extension.swift in Sources */,
				CFCE5775272390FB000FD0D0 /* HomeProtocols.swift in Sources */,
				CFCE57972723A81F000FD0D0 /* VariantColorResponse.swift in Sources */,
				CFCE579E2723C20A000FD0D0 /* ColorViewRing.swift in Sources */,
				CFCE578A27239869000FD0D0 /* PLPResultsResponse.swift in Sources */,
				CFCE578127239361000FD0D0 /* NetworkErrors.swift in Sources */,
				CFCE578727239818000FD0D0 /* ProductsResponse.swift in Sources */,
				CFCE5777272390FB000FD0D0 /* HomeView.swift in Sources */,
				CFCE57952723A617000FD0D0 /* Product.swift in Sources */,
				CFCE5778272390FB000FD0D0 /* HomeRemoteDataManager.swift in Sources */,
				CFCE5773272390FB000FD0D0 /* HomePresenter.swift in Sources */,
				CFCE5784272396C4000FD0D0 /* ProductTableViewCell.swift in Sources */,
				CFCE5776272390FB000FD0D0 /* HomeInteractor.swift in Sources */,
				CFCE5779272390FB000FD0D0 /* HomeWireFrame.swift in Sources */,
				CFCE577D27239327000FD0D0 /* NetworkDataManager.swift in Sources */,
			);
			runOnlyForDeploymentPostprocessing = 0;
		};
		CFCE574B27239095000FD0D0 /* Sources */ = {
			isa = PBXSourcesBuildPhase;
			buildActionMask = 2147483647;
			files = (
				CFCE575427239095000FD0D0 /* ProductsAppTests.swift in Sources */,
			);
			runOnlyForDeploymentPostprocessing = 0;
		};
		CFCE575527239095000FD0D0 /* Sources */ = {
			isa = PBXSourcesBuildPhase;
			buildActionMask = 2147483647;
			files = (
				CFCE576027239095000FD0D0 /* ProductsAppUITestsLaunchTests.swift in Sources */,
				CFCE575E27239095000FD0D0 /* ProductsAppUITests.swift in Sources */,
			);
			runOnlyForDeploymentPostprocessing = 0;
		};
/* End PBXSourcesBuildPhase section */

/* Begin PBXTargetDependency section */
		CFCE575127239095000FD0D0 /* PBXTargetDependency */ = {
			isa = PBXTargetDependency;
			target = CFCE573827239092000FD0D0 /* ProductsApp */;
			targetProxy = CFCE575027239095000FD0D0 /* PBXContainerItemProxy */;
		};
		CFCE575B27239095000FD0D0 /* PBXTargetDependency */ = {
			isa = PBXTargetDependency;
			target = CFCE573827239092000FD0D0 /* ProductsApp */;
			targetProxy = CFCE575A27239095000FD0D0 /* PBXContainerItemProxy */;
		};
/* End PBXTargetDependency section */

/* Begin PBXVariantGroup section */
		CFCE574227239092000FD0D0 /* Home.storyboard */ = {
			isa = PBXVariantGroup;
			children = (
				CFCE574327239092000FD0D0 /* Base */,
			);
			name = Home.storyboard;
			sourceTree = "<group>";
		};
		CFCE574727239094000FD0D0 /* LaunchScreen.storyboard */ = {
			isa = PBXVariantGroup;
			children = (
				CFCE574827239094000FD0D0 /* Base */,
			);
			name = LaunchScreen.storyboard;
			sourceTree = "<group>";
		};
/* End PBXVariantGroup section */

/* Begin XCBuildConfiguration section */
		CFCE576127239095000FD0D0 /* Debug */ = {
			isa = XCBuildConfiguration;
			buildSettings = {
				ALWAYS_SEARCH_USER_PATHS = NO;
				CLANG_ANALYZER_NONNULL = YES;
				CLANG_ANALYZER_NUMBER_OBJECT_CONVERSION = YES_AGGRESSIVE;
				CLANG_CXX_LANGUAGE_STANDARD = "gnu++17";
				CLANG_CXX_LIBRARY = "libc++";
				CLANG_ENABLE_MODULES = YES;
				CLANG_ENABLE_OBJC_ARC = YES;
				CLANG_ENABLE_OBJC_WEAK = YES;
				CLANG_WARN_BLOCK_CAPTURE_AUTORELEASING = YES;
				CLANG_WARN_BOOL_CONVERSION = YES;
				CLANG_WARN_COMMA = YES;
				CLANG_WARN_CONSTANT_CONVERSION = YES;
				CLANG_WARN_DEPRECATED_OBJC_IMPLEMENTATIONS = YES;
				CLANG_WARN_DIRECT_OBJC_ISA_USAGE = YES_ERROR;
				CLANG_WARN_DOCUMENTATION_COMMENTS = YES;
				CLANG_WARN_EMPTY_BODY = YES;
				CLANG_WARN_ENUM_CONVERSION = YES;
				CLANG_WARN_INFINITE_RECURSION = YES;
				CLANG_WARN_INT_CONVERSION = YES;
				CLANG_WARN_NON_LITERAL_NULL_CONVERSION = YES;
				CLANG_WARN_OBJC_IMPLICIT_RETAIN_SELF = YES;
				CLANG_WARN_OBJC_LITERAL_CONVERSION = YES;
				CLANG_WARN_OBJC_ROOT_CLASS = YES_ERROR;
				CLANG_WARN_QUOTED_INCLUDE_IN_FRAMEWORK_HEADER = YES;
				CLANG_WARN_RANGE_LOOP_ANALYSIS = YES;
				CLANG_WARN_STRICT_PROTOTYPES = YES;
				CLANG_WARN_SUSPICIOUS_MOVE = YES;
				CLANG_WARN_UNGUARDED_AVAILABILITY = YES_AGGRESSIVE;
				CLANG_WARN_UNREACHABLE_CODE = YES;
				CLANG_WARN__DUPLICATE_METHOD_MATCH = YES;
				COPY_PHASE_STRIP = NO;
				DEBUG_INFORMATION_FORMAT = dwarf;
				ENABLE_STRICT_OBJC_MSGSEND = YES;
				ENABLE_TESTABILITY = YES;
				GCC_C_LANGUAGE_STANDARD = gnu11;
				GCC_DYNAMIC_NO_PIC = NO;
				GCC_NO_COMMON_BLOCKS = YES;
				GCC_OPTIMIZATION_LEVEL = 0;
				GCC_PREPROCESSOR_DEFINITIONS = (
					"DEBUG=1",
					"$(inherited)",
				);
				GCC_WARN_64_TO_32_BIT_CONVERSION = YES;
				GCC_WARN_ABOUT_RETURN_TYPE = YES_ERROR;
				GCC_WARN_UNDECLARED_SELECTOR = YES;
				GCC_WARN_UNINITIALIZED_AUTOS = YES_AGGRESSIVE;
				GCC_WARN_UNUSED_FUNCTION = YES;
				GCC_WARN_UNUSED_VARIABLE = YES;
				IPHONEOS_DEPLOYMENT_TARGET = 15.0;
				MTL_ENABLE_DEBUG_INFO = INCLUDE_SOURCE;
				MTL_FAST_MATH = YES;
				ONLY_ACTIVE_ARCH = YES;
				SDKROOT = iphoneos;
				SWIFT_ACTIVE_COMPILATION_CONDITIONS = DEBUG;
				SWIFT_OPTIMIZATION_LEVEL = "-Onone";
			};
			name = Debug;
		};
		CFCE576227239095000FD0D0 /* Release */ = {
			isa = XCBuildConfiguration;
			buildSettings = {
				ALWAYS_SEARCH_USER_PATHS = NO;
				CLANG_ANALYZER_NONNULL = YES;
				CLANG_ANALYZER_NUMBER_OBJECT_CONVERSION = YES_AGGRESSIVE;
				CLANG_CXX_LANGUAGE_STANDARD = "gnu++17";
				CLANG_CXX_LIBRARY = "libc++";
				CLANG_ENABLE_MODULES = YES;
				CLANG_ENABLE_OBJC_ARC = YES;
				CLANG_ENABLE_OBJC_WEAK = YES;
				CLANG_WARN_BLOCK_CAPTURE_AUTORELEASING = YES;
				CLANG_WARN_BOOL_CONVERSION = YES;
				CLANG_WARN_COMMA = YES;
				CLANG_WARN_CONSTANT_CONVERSION = YES;
				CLANG_WARN_DEPRECATED_OBJC_IMPLEMENTATIONS = YES;
				CLANG_WARN_DIRECT_OBJC_ISA_USAGE = YES_ERROR;
				CLANG_WARN_DOCUMENTATION_COMMENTS = YES;
				CLANG_WARN_EMPTY_BODY = YES;
				CLANG_WARN_ENUM_CONVERSION = YES;
				CLANG_WARN_INFINITE_RECURSION = YES;
				CLANG_WARN_INT_CONVERSION = YES;
				CLANG_WARN_NON_LITERAL_NULL_CONVERSION = YES;
				CLANG_WARN_OBJC_IMPLICIT_RETAIN_SELF = YES;
				CLANG_WARN_OBJC_LITERAL_CONVERSION = YES;
				CLANG_WARN_OBJC_ROOT_CLASS = YES_ERROR;
				CLANG_WARN_QUOTED_INCLUDE_IN_FRAMEWORK_HEADER = YES;
				CLANG_WARN_RANGE_LOOP_ANALYSIS = YES;
				CLANG_WARN_STRICT_PROTOTYPES = YES;
				CLANG_WARN_SUSPICIOUS_MOVE = YES;
				CLANG_WARN_UNGUARDED_AVAILABILITY = YES_AGGRESSIVE;
				CLANG_WARN_UNREACHABLE_CODE = YES;
				CLANG_WARN__DUPLICATE_METHOD_MATCH = YES;
				COPY_PHASE_STRIP = NO;
				DEBUG_INFORMATION_FORMAT = "dwarf-with-dsym";
				ENABLE_NS_ASSERTIONS = NO;
				ENABLE_STRICT_OBJC_MSGSEND = YES;
				GCC_C_LANGUAGE_STANDARD = gnu11;
				GCC_NO_COMMON_BLOCKS = YES;
				GCC_WARN_64_TO_32_BIT_CONVERSION = YES;
				GCC_WARN_ABOUT_RETURN_TYPE = YES_ERROR;
				GCC_WARN_UNDECLARED_SELECTOR = YES;
				GCC_WARN_UNINITIALIZED_AUTOS = YES_AGGRESSIVE;
				GCC_WARN_UNUSED_FUNCTION = YES;
				GCC_WARN_UNUSED_VARIABLE = YES;
				IPHONEOS_DEPLOYMENT_TARGET = 15.0;
				MTL_ENABLE_DEBUG_INFO = NO;
				MTL_FAST_MATH = YES;
				SDKROOT = iphoneos;
				SWIFT_COMPILATION_MODE = wholemodule;
				SWIFT_OPTIMIZATION_LEVEL = "-O";
				VALIDATE_PRODUCT = YES;
			};
			name = Release;
		};
		CFCE576427239095000FD0D0 /* Debug */ = {
			isa = XCBuildConfiguration;
			buildSettings = {
				ASSETCATALOG_COMPILER_APPICON_NAME = AppIcon;
				ASSETCATALOG_COMPILER_GLOBAL_ACCENT_COLOR_NAME = AccentColor;
				CODE_SIGN_STYLE = Automatic;
				CURRENT_PROJECT_VERSION = 1;
				DEVELOPMENT_TEAM = 8QFWQ47ZQW;
				GENERATE_INFOPLIST_FILE = YES;
				INFOPLIST_FILE = ProductsApp/Info.plist;
				INFOPLIST_KEY_UIApplicationSupportsIndirectInputEvents = YES;
				INFOPLIST_KEY_UILaunchStoryboardName = LaunchScreen;
				INFOPLIST_KEY_UISupportedInterfaceOrientations_iPad = "UIInterfaceOrientationPortrait UIInterfaceOrientationPortraitUpsideDown UIInterfaceOrientationLandscapeLeft UIInterfaceOrientationLandscapeRight";
				INFOPLIST_KEY_UISupportedInterfaceOrientations_iPhone = "UIInterfaceOrientationPortrait UIInterfaceOrientationLandscapeLeft UIInterfaceOrientationLandscapeRight";
				IPHONEOS_DEPLOYMENT_TARGET = 11.0;
				LD_RUNPATH_SEARCH_PATHS = (
					"$(inherited)",
					"@executable_path/Frameworks",
				);
				MARKETING_VERSION = 1.0;
				PRODUCT_BUNDLE_IDENTIFIER = com.jfdev.ProductsApp;
				PRODUCT_NAME = "$(TARGET_NAME)";
				SWIFT_EMIT_LOC_STRINGS = YES;
				SWIFT_VERSION = 5.0;
				TARGETED_DEVICE_FAMILY = "1,2";
			};
			name = Debug;
		};
		CFCE576527239095000FD0D0 /* Release */ = {
			isa = XCBuildConfiguration;
			buildSettings = {
				ASSETCATALOG_COMPILER_APPICON_NAME = AppIcon;
				ASSETCATALOG_COMPILER_GLOBAL_ACCENT_COLOR_NAME = AccentColor;
				CODE_SIGN_STYLE = Automatic;
				CURRENT_PROJECT_VERSION = 1;
				DEVELOPMENT_TEAM = 8QFWQ47ZQW;
				GENERATE_INFOPLIST_FILE = YES;
				INFOPLIST_FILE = ProductsApp/Info.plist;
				INFOPLIST_KEY_UIApplicationSupportsIndirectInputEvents = YES;
				INFOPLIST_KEY_UILaunchStoryboardName = LaunchScreen;
				INFOPLIST_KEY_UISupportedInterfaceOrientations_iPad = "UIInterfaceOrientationPortrait UIInterfaceOrientationPortraitUpsideDown UIInterfaceOrientationLandscapeLeft UIInterfaceOrientationLandscapeRight";
				INFOPLIST_KEY_UISupportedInterfaceOrientations_iPhone = "UIInterfaceOrientationPortrait UIInterfaceOrientationLandscapeLeft UIInterfaceOrientationLandscapeRight";
				IPHONEOS_DEPLOYMENT_TARGET = 11.0;
				LD_RUNPATH_SEARCH_PATHS = (
					"$(inherited)",
					"@executable_path/Frameworks",
				);
				MARKETING_VERSION = 1.0;
				PRODUCT_BUNDLE_IDENTIFIER = com.jfdev.ProductsApp;
				PRODUCT_NAME = "$(TARGET_NAME)";
				SWIFT_EMIT_LOC_STRINGS = YES;
				SWIFT_VERSION = 5.0;
				TARGETED_DEVICE_FAMILY = "1,2";
			};
			name = Release;
		};
		CFCE576727239095000FD0D0 /* Debug */ = {
			isa = XCBuildConfiguration;
			buildSettings = {
				ALWAYS_EMBED_SWIFT_STANDARD_LIBRARIES = YES;
				BUNDLE_LOADER = "$(TEST_HOST)";
				CODE_SIGN_STYLE = Automatic;
				CURRENT_PROJECT_VERSION = 1;
				DEVELOPMENT_TEAM = 8QFWQ47ZQW;
				GENERATE_INFOPLIST_FILE = YES;
				IPHONEOS_DEPLOYMENT_TARGET = 15.0;
				LD_RUNPATH_SEARCH_PATHS = (
					"$(inherited)",
					"@executable_path/Frameworks",
					"@loader_path/Frameworks",
				);
				MARKETING_VERSION = 1.0;
				PRODUCT_BUNDLE_IDENTIFIER = com.jfdev.ProductsAppTests;
				PRODUCT_NAME = "$(TARGET_NAME)";
				SWIFT_EMIT_LOC_STRINGS = NO;
				SWIFT_VERSION = 5.0;
				TARGETED_DEVICE_FAMILY = "1,2";
				TEST_HOST = "$(BUILT_PRODUCTS_DIR)/ProductsApp.app/ProductsApp";
			};
			name = Debug;
		};
		CFCE576827239095000FD0D0 /* Release */ = {
			isa = XCBuildConfiguration;
			buildSettings = {
				ALWAYS_EMBED_SWIFT_STANDARD_LIBRARIES = YES;
				BUNDLE_LOADER = "$(TEST_HOST)";
				CODE_SIGN_STYLE = Automatic;
				CURRENT_PROJECT_VERSION = 1;
				DEVELOPMENT_TEAM = 8QFWQ47ZQW;
				GENERATE_INFOPLIST_FILE = YES;
				IPHONEOS_DEPLOYMENT_TARGET = 15.0;
				LD_RUNPATH_SEARCH_PATHS = (
					"$(inherited)",
					"@executable_path/Frameworks",
					"@loader_path/Frameworks",
				);
				MARKETING_VERSION = 1.0;
				PRODUCT_BUNDLE_IDENTIFIER = com.jfdev.ProductsAppTests;
				PRODUCT_NAME = "$(TARGET_NAME)";
				SWIFT_EMIT_LOC_STRINGS = NO;
				SWIFT_VERSION = 5.0;
				TARGETED_DEVICE_FAMILY = "1,2";
				TEST_HOST = "$(BUILT_PRODUCTS_DIR)/ProductsApp.app/ProductsApp";
			};
			name = Release;
		};
		CFCE576A27239095000FD0D0 /* Debug */ = {
			isa = XCBuildConfiguration;
			buildSettings = {
				ALWAYS_EMBED_SWIFT_STANDARD_LIBRARIES = YES;
				CODE_SIGN_STYLE = Automatic;
				CURRENT_PROJECT_VERSION = 1;
				DEVELOPMENT_TEAM = 8QFWQ47ZQW;
				GENERATE_INFOPLIST_FILE = YES;
				LD_RUNPATH_SEARCH_PATHS = (
					"$(inherited)",
					"@executable_path/Frameworks",
					"@loader_path/Frameworks",
				);
				MARKETING_VERSION = 1.0;
				PRODUCT_BUNDLE_IDENTIFIER = com.jfdev.ProductsAppUITests;
				PRODUCT_NAME = "$(TARGET_NAME)";
				SWIFT_EMIT_LOC_STRINGS = NO;
				SWIFT_VERSION = 5.0;
				TARGETED_DEVICE_FAMILY = "1,2";
				TEST_TARGET_NAME = ProductsApp;
			};
			name = Debug;
		};
		CFCE576B27239095000FD0D0 /* Release */ = {
			isa = XCBuildConfiguration;
			buildSettings = {
				ALWAYS_EMBED_SWIFT_STANDARD_LIBRARIES = YES;
				CODE_SIGN_STYLE = Automatic;
				CURRENT_PROJECT_VERSION = 1;
				DEVELOPMENT_TEAM = 8QFWQ47ZQW;
				GENERATE_INFOPLIST_FILE = YES;
				LD_RUNPATH_SEARCH_PATHS = (
					"$(inherited)",
					"@executable_path/Frameworks",
					"@loader_path/Frameworks",
				);
				MARKETING_VERSION = 1.0;
				PRODUCT_BUNDLE_IDENTIFIER = com.jfdev.ProductsAppUITests;
				PRODUCT_NAME = "$(TARGET_NAME)";
				SWIFT_EMIT_LOC_STRINGS = NO;
				SWIFT_VERSION = 5.0;
				TARGETED_DEVICE_FAMILY = "1,2";
				TEST_TARGET_NAME = ProductsApp;
			};
			name = Release;
		};
/* End XCBuildConfiguration section */

/* Begin XCConfigurationList section */
		CFCE573427239092000FD0D0 /* Build configuration list for PBXProject "ProductsApp" */ = {
			isa = XCConfigurationList;
			buildConfigurations = (
				CFCE576127239095000FD0D0 /* Debug */,
				CFCE576227239095000FD0D0 /* Release */,
			);
			defaultConfigurationIsVisible = 0;
			defaultConfigurationName = Release;
		};
		CFCE576327239095000FD0D0 /* Build configuration list for PBXNativeTarget "ProductsApp" */ = {
			isa = XCConfigurationList;
			buildConfigurations = (
				CFCE576427239095000FD0D0 /* Debug */,
				CFCE576527239095000FD0D0 /* Release */,
			);
			defaultConfigurationIsVisible = 0;
			defaultConfigurationName = Release;
		};
		CFCE576627239095000FD0D0 /* Build configuration list for PBXNativeTarget "ProductsAppTests" */ = {
			isa = XCConfigurationList;
			buildConfigurations = (
				CFCE576727239095000FD0D0 /* Debug */,
				CFCE576827239095000FD0D0 /* Release */,
			);
			defaultConfigurationIsVisible = 0;
			defaultConfigurationName = Release;
		};
		CFCE576927239095000FD0D0 /* Build configuration list for PBXNativeTarget "ProductsAppUITests" */ = {
			isa = XCConfigurationList;
			buildConfigurations = (
				CFCE576A27239095000FD0D0 /* Debug */,
				CFCE576B27239095000FD0D0 /* Release */,
			);
			defaultConfigurationIsVisible = 0;
			defaultConfigurationName = Release;
		};
/* End XCConfigurationList section */

/* Begin XCRemoteSwiftPackageReference section */
		CFCE578D27239951000FD0D0 /* XCRemoteSwiftPackageReference "SDWebImage" */ = {
			isa = XCRemoteSwiftPackageReference;
			repositoryURL = "https://github.com/SDWebImage/SDWebImage";
			requirement = {
				kind = upToNextMajorVersion;
				minimumVersion = 5.0.0;
			};
		};
/* End XCRemoteSwiftPackageReference section */

/* Begin XCSwiftPackageProductDependency section */
		CFCE578E27239951000FD0D0 /* SDWebImage */ = {
			isa = XCSwiftPackageProductDependency;
			package = CFCE578D27239951000FD0D0 /* XCRemoteSwiftPackageReference "SDWebImage" */;
			productName = SDWebImage;
		};
/* End XCSwiftPackageProductDependency section */
	};
	rootObject = CFCE573127239092000FD0D0 /* Project object */;
}
